// !$*UTF8*$!
{
	archiveVersion = 1;
	classes = {
	};
	objectVersion = 46;
	objects = {

/* Begin PBXBuildFile section */
		885C22981B9084D20035EA13 /* main.cpp in Sources */ = {isa = PBXBuildFile; fileRef = 885C22971B9084D20035EA13 /* main.cpp */; settings = {COMPILER_FLAGS = "-w"; }; };
		885C229F1B9085510035EA13 /* OpenGL.framework in Frameworks */ = {isa = PBXBuildFile; fileRef = 885C229E1B9085510035EA13 /* OpenGL.framework */; };
		885C22A11B90855B0035EA13 /* GLUT.framework in Frameworks */ = {isa = PBXBuildFile; fileRef = 885C22A01B90855B0035EA13 /* GLUT.framework */; };
/* End PBXBuildFile section */

/* Begin PBXCopyFilesBuildPhase section */
		885C22921B9084D20035EA13 /* CopyFiles */ = {
			isa = PBXCopyFilesBuildPhase;
			buildActionMask = 2147483647;
			dstPath = /usr/share/man/man1/;
			dstSubfolderSpec = 0;
			files = (
			);
			runOnlyForDeploymentPostprocessing = 1;
		};
/* End PBXCopyFilesBuildPhase section */

/* Begin PBXFileReference section */
		885C22941B9084D20035EA13 /* CSE-801-Lab */ = {isa = PBXFileReference; explicitFileType = "compiled.mach-o.executable"; includeInIndex = 0; path = "CSE-801-Lab"; sourceTree = BUILT_PRODUCTS_DIR; };
		885C22971B9084D20035EA13 /* main.cpp */ = {isa = PBXFileReference; lastKnownFileType = sourcecode.cpp.cpp; path = main.cpp; sourceTree = "<group>"; };
		885C229E1B9085510035EA13 /* OpenGL.framework */ = {isa = PBXFileReference; lastKnownFileType = wrapper.framework; name = OpenGL.framework; path = System/Library/Frameworks/OpenGL.framework; sourceTree = SDKROOT; };
		885C22A01B90855B0035EA13 /* GLUT.framework */ = {isa = PBXFileReference; lastKnownFileType = wrapper.framework; name = GLUT.framework; path = System/Library/Frameworks/GLUT.framework; sourceTree = SDKROOT; };
/* End PBXFileReference section */

/* Begin PBXFrameworksBuildPhase section */
		885C22911B9084D20035EA13 /* Frameworks */ = {
			isa = PBXFrameworksBuildPhase;
			buildActionMask = 2147483647;
			files = (
				885C22A11B90855B0035EA13 /* GLUT.framework in Frameworks */,
				885C229F1B9085510035EA13 /* OpenGL.framework in Frameworks */,
			);
			runOnlyForDeploymentPostprocessing = 0;
		};
/* End PBXFrameworksBuildPhase section */

/* Begin PBXGroup section */
		885C228B1B9084D20035EA13 = {
			isa = PBXGroup;
			children = (
				885C22A01B90855B0035EA13 /* GLUT.framework */,
				885C229E1B9085510035EA13 /* OpenGL.framework */,
				885C22961B9084D20035EA13 /* CSE-801-Lab */,
				885C22951B9084D20035EA13 /* Products */,
			);
			sourceTree = "<group>";
		};
		885C22951B9084D20035EA13 /* Products */ = {
			isa = PBXGroup;
			children = (
				885C22941B9084D20035EA13 /* CSE-801-Lab */,
			);
			name = Products;
			sourceTree = "<group>";
		};
		885C22961B9084D20035EA13 /* CSE-801-Lab */ = {
			isa = PBXGroup;
			children = (
				885C22971B9084D20035EA13 /* main.cpp */,
			);
			path = "CSE-801-Lab";
			sourceTree = "<group>";
		};
/* End PBXGroup section */

/* Begin PBXNativeTarget section */
		885C22931B9084D20035EA13 /* CSE-801-Lab */ = {
			isa = PBXNativeTarget;
			buildConfigurationList = 885C229B1B9084D20035EA13 /* Build configuration list for PBXNativeTarget "CSE-801-Lab" */;
			buildPhases = (
				885C22901B9084D20035EA13 /* Sources */,
				885C22911B9084D20035EA13 /* Frameworks */,
				885C22921B9084D20035EA13 /* CopyFiles */,
			);
			buildRules = (
			);
			dependencies = (
			);
			name = "CSE-801-Lab";
			productName = "CSE-801-Lab";
			productReference = 885C22941B9084D20035EA13 /* CSE-801-Lab */;
			productType = "com.apple.product-type.tool";
		};
/* End PBXNativeTarget section */

/* Begin PBXProject section */
		885C228C1B9084D20035EA13 /* Project object */ = {
			isa = PBXProject;
			attributes = {
				LastUpgradeCheck = 0630;
				ORGANIZATIONNAME = Minhaz;
				TargetAttributes = {
					885C22931B9084D20035EA13 = {
						CreatedOnToolsVersion = 6.3.2;
					};
				};
			};
			buildConfigurationList = 885C228F1B9084D20035EA13 /* Build configuration list for PBXProject "CSE-801-Lab" */;
			compatibilityVersion = "Xcode 3.2";
			developmentRegion = English;
			hasScannedForEncodings = 0;
			knownRegions = (
				en,
			);
			mainGroup = 885C228B1B9084D20035EA13;
			productRefGroup = 885C22951B9084D20035EA13 /* Products */;
			projectDirPath = "";
			projectRoot = "";
			targets = (
				885C22931B9084D20035EA13 /* CSE-801-Lab */,
			);
		};
/* End PBXProject section */

/* Begin PBXSourcesBuildPhase section */
		885C22901B9084D20035EA13 /* Sources */ = {
			isa = PBXSourcesBuildPhase;
			buildActionMask = 2147483647;
			files = (
				885C22981B9084D20035EA13 /* main.cpp in Sources */,
			);
			runOnlyForDeploymentPostprocessing = 0;
		};
/* End PBXSourcesBuildPhase section */

/* Begin XCBuildConfiguration section */
		885C22991B9084D20035EA13 /* Debug */ = {
			isa = XCBuildConfiguration;
			buildSettings = {
				ALWAYS_SEARCH_USER_PATHS = NO;
				CLANG_CXX_LANGUAGE_STANDARD = "gnu++0x";
				CLANG_CXX_LIBRARY = "libc++";
				CLANG_ENABLE_MODULES = YES;
				CLANG_ENABLE_OBJC_ARC = YES;
				CLANG_WARN_BOOL_CONVERSION = YES;
				CLANG_WARN_CONSTANT_CONVERSION = YES;
				CLANG_WARN_DIRECT_OBJC_ISA_USAGE = YES_ERROR;
				CLANG_WARN_EMPTY_BODY = YES;
				CLANG_WARN_ENUM_CONVERSION = YES;
				CLANG_WARN_INT_CONVERSION = YES;
				CLANG_WARN_OBJC_ROOT_CLASS = YES_ERROR;
				CLANG_WARN_UNREACHABLE_CODE = YES;
				CLANG_WARN__DUPLICATE_METHOD_MATCH = YES;
				COPY_PHASE_STRIP = NO;
				DEBUG_INFORMATION_FORMAT = dwarf;
				ENABLE_STRICT_OBJC_MSGSEND = YES;
				GCC_C_LANGUAGE_STANDARD = gnu99;
				GCC_DYNAMIC_NO_PIC = NO;
				GCC_NO_COMMON_BLOCKS = YES;
				GCC_OPTIMIZATION_LEVEL = 0;
				GCC_PREPROCESSOR_DEFINITIONS = (
					"DEBUG=1",
					"$(inherited)",
				);
				GCC_SYMBOLS_PRIVATE_EXTERN = NO;
				GCC_WARN_64_TO_32_BIT_CONVERSION = YES;
				GCC_WARN_ABOUT_RETURN_TYPE = YES_ERROR;
				GCC_WARN_UNDECLARED_SELECTOR = YES;
				GCC_WARN_UNINITIALIZED_AUTOS = YES_AGGRESSIVE;
				GCC_WARN_UNUSED_FUNCTION = YES;
				GCC_WARN_UNUSED_VARIABLE = YES;
				MACOSX_DEPLOYMENT_TARGET = 10.10;
				MTL_ENABLE_DEBUG_INFO = YES;
				ONLY_ACTIVE_ARCH = YES;
				SDKROOT = macosx;
			};
			name = Debug;
		};
		885C229A1B9084D20035EA13 /* Release */ = {
			isa = XCBuildConfiguration;
			buildSettings = {
				ALWAYS_SEARCH_USER_PATHS = NO;
				CLANG_CXX_LANGUAGE_STANDARD = "gnu++0x";
				CLANG_CXX_LIBRARY = "libc++";
				CLANG_ENABLE_MODULES = YES;
				CLANG_ENABLE_OBJC_ARC = YES;
				CLANG_WARN_BOOL_CONVERSION = YES;
				CLANG_WARN_CONSTANT_CONVERSION = YES;
				CLANG_WARN_DIRECT_OBJC_ISA_USAGE = YES_ERROR;
				CLANG_WARN_EMPTY_BODY = YES;
				CLANG_WARN_ENUM_CONVERSION = YES;
				CLANG_WARN_INT_CONVERSION = YES;
				CLANG_WARN_OBJC_ROOT_CLASS = YES_ERROR;
				CLANG_WARN_UNREACHABLE_CODE = YES;
				CLANG_WARN__DUPLICATE_METHOD_MATCH = YES;
				COPY_PHASE_STRIP = NO;
				DEBUG_INFORMATION_FORMAT = "dwarf-with-dsym";
				ENABLE_NS_ASSERTIONS = NO;
				ENABLE_STRICT_OBJC_MSGSEND = YES;
				GCC_C_LANGUAGE_STANDARD = gnu99;
				GCC_NO_COMMON_BLOCKS = YES;
				GCC_WARN_64_TO_32_BIT_CONVERSION = YES;
				GCC_WARN_ABOUT_RETURN_TYPE = YES_ERROR;
				GCC_WARN_UNDECLARED_SELECTOR = YES;
				GCC_WARN_UNINITIALIZED_AUTOS = YES_AGGRESSIVE;
				GCC_WARN_UNUSED_FUNCTION = YES;
				GCC_WARN_UNUSED_VARIABLE = YES;
				MACOSX_DEPLOYMENT_TARGET = 10.10;
				MTL_ENABLE_DEBUG_INFO = NO;
				SDKROOT = macosx;
			};
			name = Release;
		};
		885C229C1B9084D20035EA13 /* Debug */ = {
			isa = XCBuildConfiguration;
			buildSettings = {
				PRODUCT_NAME = "$(TARGET_NAME)";
			};
			name = Debug;
		};
		885C229D1B9084D20035EA13 /* Release */ = {
			isa = XCBuildConfiguration;
			buildSettings = {
				PRODUCT_NAME = "$(TARGET_NAME)";
			};
			name = Release;
		};
/* End XCBuildConfiguration section */

/* Begin XCConfigurationList section */
		885C228F1B9084D20035EA13 /* Build configuration list for PBXProject "CSE-801-Lab" */ = {
			isa = XCConfigurationList;
			buildConfigurations = (
				885C22991B9084D20035EA13 /* Debug */,
				885C229A1B9084D20035EA13 /* Release */,
			);
			defaultConfigurationIsVisible = 0;
			defaultConfigurationName = Release;
		};
		885C229B1B9084D20035EA13 /* Build configuration list for PBXNativeTarget "CSE-801-Lab" */ = {
			isa = XCConfigurationList;
			buildConfigurations = (
				885C229C1B9084D20035EA13 /* Debug */,
				885C229D1B9084D20035EA13 /* Release */,
			);
			defaultConfigurationIsVisible = 0;
		};
/* End XCConfigurationList section */
	};
	rootObject = 885C228C1B9084D20035EA13 /* Project object */;
}
